
Microsoft Visual Studio Solution File, Format Version 12.00
# Visual Studio Version 17
VisualStudioVersion = 17.7.34003.232
MinimumVisualStudioVersion = 10.0.40219.1
Project("{9A19103F-16F7-4668-BE54-9A1E7A4F7556}") = "LearningBlazorCRUD", "LearningBlazorCRUD.csproj", "{A3527DB1-9426-457B-9C19-7999133C918A}"
EndProject
Global
	GlobalSection(SolutionConfigurationPlatforms) = preSolution
		Debug|Any CPU = Debug|Any CPU
		Release|Any CPU = Release|Any CPU
	EndGlobalSection
	GlobalSection(ProjectConfigurationPlatforms) = postSolution
		{A3527DB1-9426-457B-9C19-7999133C918A}.Debug|Any CPU.ActiveCfg = Debug|Any CPU
		{A3527DB1-9426-457B-9C19-7999133C918A}.Debug|Any CPU.Build.0 = Debug|Any CPU
		{A3527DB1-9426-457B-9C19-7999133C918A}.Release|Any CPU.ActiveCfg = Release|Any CPU
		{A3527DB1-9426-457B-9C19-7999133C918A}.Release|Any CPU.Build.0 = Release|Any CPU
	EndGlobalSection
	GlobalSection(SolutionProperties) = preSolution
		HideSolutionNode = FALSE
	EndGlobalSection
	GlobalSection(ExtensibilityGlobals) = postSolution
		SolutionGuid = {69003298-0978-423B-AFC8-7CD83554761D}
	EndGlobalSection
EndGlobal
